
Microsoft Visual Studio Solution File, Format Version 12.00
# Visual Studio Version 17
VisualStudioVersion = 17.13.35931.197
MinimumVisualStudioVersion = 10.0.40219.1
Project("{FAE04EC0-301F-11D3-BF4B-00C04F79EFBC}") = "CakeBuild", "CakeBuild\CakeBuild.csproj", "{C7F16348-4585-4936-A709-79BB6103C3FA}"
EndProject
Project("{FAE04EC0-301F-11D3-BF4B-00C04F79EFBC}") = "ValkyrNutritions", "ValkyrNutritions\ValkyrNutritions.csproj", "{057A8E0D-956D-4E81-8CBD-246692112471}"
EndProject
Project("{2150E333-8FDC-42A3-9474-1A3956D46DE8}") = "Solution Items", "Solution Items", "{02EA681E-C7D8-13C7-8484-4AC65E1B71E8}"
	ProjectSection(SolutionItems) = preProject
		.editorconfig = .editorconfig
		CHANGELOG.md = CHANGELOG.md
		README.md = README.md
	EndProjectSection
EndProject
Global
	GlobalSection(SolutionConfigurationPlatforms) = preSolution
		Debug|Any CPU = Debug|Any CPU
		Release|Any CPU = Release|Any CPU
	EndGlobalSection
	GlobalSection(ProjectConfigurationPlatforms) = postSolution
		{C7F16348-4585-4936-A709-79BB6103C3FA}.Debug|Any CPU.ActiveCfg = Debug|Any CPU
		{C7F16348-4585-4936-A709-79BB6103C3FA}.Debug|Any CPU.Build.0 = Debug|Any CPU
		{C7F16348-4585-4936-A709-79BB6103C3FA}.Release|Any CPU.ActiveCfg = Release|Any CPU
		{C7F16348-4585-4936-A709-79BB6103C3FA}.Release|Any CPU.Build.0 = Release|Any CPU
		{057A8E0D-956D-4E81-8CBD-246692112471}.Debug|Any CPU.ActiveCfg = Debug|Any CPU
		{057A8E0D-956D-4E81-8CBD-246692112471}.Debug|Any CPU.Build.0 = Debug|Any CPU
		{057A8E0D-956D-4E81-8CBD-246692112471}.Release|Any CPU.ActiveCfg = Release|Any CPU
		{057A8E0D-956D-4E81-8CBD-246692112471}.Release|Any CPU.Build.0 = Release|Any CPU
	EndGlobalSection
	GlobalSection(SolutionProperties) = preSolution
		HideSolutionNode = FALSE
	EndGlobalSection
	GlobalSection(ExtensibilityGlobals) = postSolution
		SolutionGuid = {98355C9C-E3E7-4510-8A52-5D19860B0F63}
	EndGlobalSection
EndGlobal
